// !$*UTF8*$!
{
	archiveVersion = 1;
	classes = {
	};
	objectVersion = 46;
	objects = {

/* Begin PBXBuildFile section */
		18E1500E1CC9EA300033352D /* Constant.swift in Sources */ = {isa = PBXBuildFile; fileRef = 18E1500D1CC9EA300033352D /* Constant.swift */; };
		18E150111CC9EB140033352D /* LoginViewController.swift in Sources */ = {isa = PBXBuildFile; fileRef = 18E150101CC9EB140033352D /* LoginViewController.swift */; };
		18E150131CC9EB280033352D /* RegisterViewController.swift in Sources */ = {isa = PBXBuildFile; fileRef = 18E150121CC9EB280033352D /* RegisterViewController.swift */; };
		18E150151CC9F2D70033352D /* HomeTableViewController.swift in Sources */ = {isa = PBXBuildFile; fileRef = 18E150141CC9F2D70033352D /* HomeTableViewController.swift */; };
		18E150171CC9F2E60033352D /* SearchTableViewController.swift in Sources */ = {isa = PBXBuildFile; fileRef = 18E150161CC9F2E60033352D /* SearchTableViewController.swift */; };
		18E150191CC9F3060033352D /* ProfileViewController.swift in Sources */ = {isa = PBXBuildFile; fileRef = 18E150181CC9F3060033352D /* ProfileViewController.swift */; };
		18E1501B1CCA18140033352D /* CameraViewController.swift in Sources */ = {isa = PBXBuildFile; fileRef = 18E1501A1CCA18140033352D /* CameraViewController.swift */; };
		18E1501D1CCA182F0033352D /* GalleryViewController.swift in Sources */ = {isa = PBXBuildFile; fileRef = 18E1501C1CCA182F0033352D /* GalleryViewController.swift */; };
		18EC4A161CCF09B400FF9AAE /* OtherUserProfileViewController.swift in Sources */ = {isa = PBXBuildFile; fileRef = 18EC4A151CCF09B400FF9AAE /* OtherUserProfileViewController.swift */; };
		18FECF0A1CD07C94002E0BC4 /* User.swift in Sources */ = {isa = PBXBuildFile; fileRef = 18FECF091CD07C94002E0BC4 /* User.swift */; };
		224104DCBDCDD6DCF8298CC9 /* Pods_InstagramClone.framework in Frameworks */ = {isa = PBXBuildFile; fileRef = C80EB24356FBD06F0D4EF41C /* Pods_InstagramClone.framework */; };
		6AA13E231CCDC5160047AED1 /* InstagramPhotoCell.swift in Sources */ = {isa = PBXBuildFile; fileRef = 6AA13E221CCDC5160047AED1 /* InstagramPhotoCell.swift */; };
		6AA13E251CCE15C80047AED1 /* SubmitViewController.swift in Sources */ = {isa = PBXBuildFile; fileRef = 6AA13E241CCE15C80047AED1 /* SubmitViewController.swift */; };
		6AA13E291CCE27FC0047AED1 /* AWSConfig.swift in Sources */ = {isa = PBXBuildFile; fileRef = 6AA13E281CCE27FC0047AED1 /* AWSConfig.swift */; };
		6AA13E2B1CD0A40A0047AED1 /* PhotoViewController.swift in Sources */ = {isa = PBXBuildFile; fileRef = 6AA13E2A1CD0A40A0047AED1 /* PhotoViewController.swift */; };
		6AA13E2D1CD0BC040047AED1 /* Photo.swift in Sources */ = {isa = PBXBuildFile; fileRef = 6AA13E2C1CD0BC040047AED1 /* Photo.swift */; };
		6AA13E2F1CD1A3C10047AED1 /* Comment.swift in Sources */ = {isa = PBXBuildFile; fileRef = 6AA13E2E1CD1A3C10047AED1 /* Comment.swift */; };
		6AF960DB1CC9C47E00A1B609 /* AppDelegate.swift in Sources */ = {isa = PBXBuildFile; fileRef = 6AF960DA1CC9C47E00A1B609 /* AppDelegate.swift */; };
		6AF960E01CC9C47E00A1B609 /* Main.storyboard in Resources */ = {isa = PBXBuildFile; fileRef = 6AF960DE1CC9C47E00A1B609 /* Main.storyboard */; };
		6AF960E31CC9C47E00A1B609 /* InstagramClone.xcdatamodeld in Sources */ = {isa = PBXBuildFile; fileRef = 6AF960E11CC9C47E00A1B609 /* InstagramClone.xcdatamodeld */; };
		6AF960E51CC9C47E00A1B609 /* Assets.xcassets in Resources */ = {isa = PBXBuildFile; fileRef = 6AF960E41CC9C47E00A1B609 /* Assets.xcassets */; };
		6AF960E81CC9C47E00A1B609 /* LaunchScreen.storyboard in Resources */ = {isa = PBXBuildFile; fileRef = 6AF960E61CC9C47E00A1B609 /* LaunchScreen.storyboard */; };
		6AF960F11CC9C83400A1B609 /* DataService.swift in Sources */ = {isa = PBXBuildFile; fileRef = 6AF960F01CC9C83400A1B609 /* DataService.swift */; };
/* End PBXBuildFile section */

/* Begin PBXFileReference section */
		18E1500D1CC9EA300033352D /* Constant.swift */ = {isa = PBXFileReference; fileEncoding = 4; lastKnownFileType = sourcecode.swift; path = Constant.swift; sourceTree = "<group>"; };
		18E150101CC9EB140033352D /* LoginViewController.swift */ = {isa = PBXFileReference; fileEncoding = 4; lastKnownFileType = sourcecode.swift; path = LoginViewController.swift; sourceTree = "<group>"; };
		18E150121CC9EB280033352D /* RegisterViewController.swift */ = {isa = PBXFileReference; fileEncoding = 4; lastKnownFileType = sourcecode.swift; path = RegisterViewController.swift; sourceTree = "<group>"; };
		18E150141CC9F2D70033352D /* HomeTableViewController.swift */ = {isa = PBXFileReference; fileEncoding = 4; lastKnownFileType = sourcecode.swift; path = HomeTableViewController.swift; sourceTree = "<group>"; };
		18E150161CC9F2E60033352D /* SearchTableViewController.swift */ = {isa = PBXFileReference; fileEncoding = 4; lastKnownFileType = sourcecode.swift; path = SearchTableViewController.swift; sourceTree = "<group>"; };
		18E150181CC9F3060033352D /* ProfileViewController.swift */ = {isa = PBXFileReference; fileEncoding = 4; lastKnownFileType = sourcecode.swift; path = ProfileViewController.swift; sourceTree = "<group>"; };
		18E1501A1CCA18140033352D /* CameraViewController.swift */ = {isa = PBXFileReference; fileEncoding = 4; lastKnownFileType = sourcecode.swift; path = CameraViewController.swift; sourceTree = "<group>"; };
		18E1501C1CCA182F0033352D /* GalleryViewController.swift */ = {isa = PBXFileReference; fileEncoding = 4; lastKnownFileType = sourcecode.swift; path = GalleryViewController.swift; sourceTree = "<group>"; };
		18EC4A151CCF09B400FF9AAE /* OtherUserProfileViewController.swift */ = {isa = PBXFileReference; fileEncoding = 4; lastKnownFileType = sourcecode.swift; path = OtherUserProfileViewController.swift; sourceTree = "<group>"; };
		18FECF091CD07C94002E0BC4 /* User.swift */ = {isa = PBXFileReference; fileEncoding = 4; lastKnownFileType = sourcecode.swift; path = User.swift; sourceTree = "<group>"; };
		641473DBC3605E393CEB428F /* Pods-InstagramClone.release.xcconfig */ = {isa = PBXFileReference; includeInIndex = 1; lastKnownFileType = text.xcconfig; name = "Pods-InstagramClone.release.xcconfig"; path = "Pods/Target Support Files/Pods-InstagramClone/Pods-InstagramClone.release.xcconfig"; sourceTree = "<group>"; };
		6AA13E221CCDC5160047AED1 /* InstagramPhotoCell.swift */ = {isa = PBXFileReference; fileEncoding = 4; lastKnownFileType = sourcecode.swift; path = InstagramPhotoCell.swift; sourceTree = "<group>"; };
		6AA13E241CCE15C80047AED1 /* SubmitViewController.swift */ = {isa = PBXFileReference; fileEncoding = 4; lastKnownFileType = sourcecode.swift; path = SubmitViewController.swift; sourceTree = "<group>"; };
		6AA13E281CCE27FC0047AED1 /* AWSConfig.swift */ = {isa = PBXFileReference; fileEncoding = 4; lastKnownFileType = sourcecode.swift; path = AWSConfig.swift; sourceTree = "<group>"; };
		6AA13E2A1CD0A40A0047AED1 /* PhotoViewController.swift */ = {isa = PBXFileReference; fileEncoding = 4; lastKnownFileType = sourcecode.swift; path = PhotoViewController.swift; sourceTree = "<group>"; };
		6AA13E2C1CD0BC040047AED1 /* Photo.swift */ = {isa = PBXFileReference; fileEncoding = 4; lastKnownFileType = sourcecode.swift; path = Photo.swift; sourceTree = "<group>"; };
		6AA13E2E1CD1A3C10047AED1 /* Comment.swift */ = {isa = PBXFileReference; fileEncoding = 4; lastKnownFileType = sourcecode.swift; path = Comment.swift; sourceTree = "<group>"; };
		6AF960D71CC9C47E00A1B609 /* InstagramClone.app */ = {isa = PBXFileReference; explicitFileType = wrapper.application; includeInIndex = 0; path = InstagramClone.app; sourceTree = BUILT_PRODUCTS_DIR; };
		6AF960DA1CC9C47E00A1B609 /* AppDelegate.swift */ = {isa = PBXFileReference; lastKnownFileType = sourcecode.swift; path = AppDelegate.swift; sourceTree = "<group>"; };
		6AF960DF1CC9C47E00A1B609 /* Base */ = {isa = PBXFileReference; lastKnownFileType = file.storyboard; name = Base; path = Base.lproj/Main.storyboard; sourceTree = "<group>"; };
		6AF960E21CC9C47E00A1B609 /* InstagramClone.xcdatamodel */ = {isa = PBXFileReference; lastKnownFileType = wrapper.xcdatamodel; path = InstagramClone.xcdatamodel; sourceTree = "<group>"; };
		6AF960E41CC9C47E00A1B609 /* Assets.xcassets */ = {isa = PBXFileReference; lastKnownFileType = folder.assetcatalog; path = Assets.xcassets; sourceTree = "<group>"; };
		6AF960E71CC9C47E00A1B609 /* Base */ = {isa = PBXFileReference; lastKnownFileType = file.storyboard; name = Base; path = Base.lproj/LaunchScreen.storyboard; sourceTree = "<group>"; };
		6AF960E91CC9C47E00A1B609 /* Info.plist */ = {isa = PBXFileReference; lastKnownFileType = text.plist.xml; path = Info.plist; sourceTree = "<group>"; };
		6AF960F01CC9C83400A1B609 /* DataService.swift */ = {isa = PBXFileReference; fileEncoding = 4; lastKnownFileType = sourcecode.swift; path = DataService.swift; sourceTree = "<group>"; };
		C75FC30D55F3E4F8C9222BFA /* Pods-InstagramClone.debug.xcconfig */ = {isa = PBXFileReference; includeInIndex = 1; lastKnownFileType = text.xcconfig; name = "Pods-InstagramClone.debug.xcconfig"; path = "Pods/Target Support Files/Pods-InstagramClone/Pods-InstagramClone.debug.xcconfig"; sourceTree = "<group>"; };
		C80EB24356FBD06F0D4EF41C /* Pods_InstagramClone.framework */ = {isa = PBXFileReference; explicitFileType = wrapper.framework; includeInIndex = 0; path = Pods_InstagramClone.framework; sourceTree = BUILT_PRODUCTS_DIR; };
/* End PBXFileReference section */

/* Begin PBXFrameworksBuildPhase section */
		6AF960D41CC9C47E00A1B609 /* Frameworks */ = {
			isa = PBXFrameworksBuildPhase;
			buildActionMask = 2147483647;
			files = (
				224104DCBDCDD6DCF8298CC9 /* Pods_InstagramClone.framework in Frameworks */,
			);
			runOnlyForDeploymentPostprocessing = 0;
		};
/* End PBXFrameworksBuildPhase section */

/* Begin PBXGroup section */
		18E1500C1CC9EA200033352D /* Constant */ = {
			isa = PBXGroup;
			children = (
				18E1500D1CC9EA300033352D /* Constant.swift */,
				6AA13E281CCE27FC0047AED1 /* AWSConfig.swift */,
			);
			name = Constant;
			path = ..;
			sourceTree = "<group>";
		};
		18E1500F1CC9EAA00033352D /* Controllers */ = {
			isa = PBXGroup;
			children = (
				6AF960DE1CC9C47E00A1B609 /* Main.storyboard */,
				18E150101CC9EB140033352D /* LoginViewController.swift */,
				18E150121CC9EB280033352D /* RegisterViewController.swift */,
				18E150141CC9F2D70033352D /* HomeTableViewController.swift */,
				18E150161CC9F2E60033352D /* SearchTableViewController.swift */,
				18E150181CC9F3060033352D /* ProfileViewController.swift */,
				18EC4A151CCF09B400FF9AAE /* OtherUserProfileViewController.swift */,
				18E1501A1CCA18140033352D /* CameraViewController.swift */,
				18E1501C1CCA182F0033352D /* GalleryViewController.swift */,
				6AA13E241CCE15C80047AED1 /* SubmitViewController.swift */,
				6AA13E2A1CD0A40A0047AED1 /* PhotoViewController.swift */,
			);
			name = Controllers;
			path = ..;
			sourceTree = "<group>";
		};
		18FECF081CD07C7E002E0BC4 /* Class */ = {
			isa = PBXGroup;
			children = (
				6AA13E221CCDC5160047AED1 /* InstagramPhotoCell.swift */,
				18FECF091CD07C94002E0BC4 /* user.swift */,
				6AA13E2C1CD0BC040047AED1 /* Photo.swift */,
				6AA13E2E1CD1A3C10047AED1 /* Comment.swift */,
			);
			name = Class;
			sourceTree = "<group>";
		};
		6AF960CE1CC9C47E00A1B609 = {
			isa = PBXGroup;
			children = (
				6AF960D91CC9C47E00A1B609 /* InstagramClone */,
				6AF960D81CC9C47E00A1B609 /* Products */,
				7DB6679109B39F246D8B0391 /* Pods */,
				C669ED4FF06EBC290AB5D410 /* Frameworks */,
			);
			sourceTree = "<group>";
		};
		6AF960D81CC9C47E00A1B609 /* Products */ = {
			isa = PBXGroup;
			children = (
				6AF960D71CC9C47E00A1B609 /* InstagramClone.app */,
			);
			name = Products;
			sourceTree = "<group>";
		};
		6AF960D91CC9C47E00A1B609 /* InstagramClone */ = {
			isa = PBXGroup;
			children = (
				18FECF081CD07C7E002E0BC4 /* Class */,
				18E1500F1CC9EAA00033352D /* Controllers */,
				18E1500C1CC9EA200033352D /* Constant */,
				6AF960EF1CC9C82400A1B609 /* DataService */,
				6AF960DA1CC9C47E00A1B609 /* AppDelegate.swift */,
				6AF960E41CC9C47E00A1B609 /* Assets.xcassets */,
				6AF960E61CC9C47E00A1B609 /* LaunchScreen.storyboard */,
				6AF960E91CC9C47E00A1B609 /* Info.plist */,
				6AF960E11CC9C47E00A1B609 /* InstagramClone.xcdatamodeld */,
			);
			path = InstagramClone;
			sourceTree = "<group>";
		};
		6AF960EF1CC9C82400A1B609 /* DataService */ = {
			isa = PBXGroup;
			children = (
				6AF960F01CC9C83400A1B609 /* DataService.swift */,
			);
			name = DataService;
			path = ..;
			sourceTree = "<group>";
		};
		7DB6679109B39F246D8B0391 /* Pods */ = {
			isa = PBXGroup;
			children = (
				C75FC30D55F3E4F8C9222BFA /* Pods-InstagramClone.debug.xcconfig */,
				641473DBC3605E393CEB428F /* Pods-InstagramClone.release.xcconfig */,
			);
			name = Pods;
			sourceTree = "<group>";
		};
		C669ED4FF06EBC290AB5D410 /* Frameworks */ = {
			isa = PBXGroup;
			children = (
				C80EB24356FBD06F0D4EF41C /* Pods_InstagramClone.framework */,
			);
			name = Frameworks;
			sourceTree = "<group>";
		};
/* End PBXGroup section */

/* Begin PBXNativeTarget section */
		6AF960D61CC9C47E00A1B609 /* InstagramClone */ = {
			isa = PBXNativeTarget;
			buildConfigurationList = 6AF960EC1CC9C47E00A1B609 /* Build configuration list for PBXNativeTarget "InstagramClone" */;
			buildPhases = (
				28084B7B958B2BF992EC380A /* Check Pods Manifest.lock */,
				6AF960D31CC9C47E00A1B609 /* Sources */,
				6AF960D41CC9C47E00A1B609 /* Frameworks */,
				6AF960D51CC9C47E00A1B609 /* Resources */,
				5E6304CB04E5E4C776F9B7CA /* Embed Pods Frameworks */,
				976BD1AB1CDF9DE43819C288 /* Copy Pods Resources */,
			);
			buildRules = (
			);
			dependencies = (
			);
			name = InstagramClone;
			productName = InstagramClone;
			productReference = 6AF960D71CC9C47E00A1B609 /* InstagramClone.app */;
			productType = "com.apple.product-type.application";
		};
/* End PBXNativeTarget section */

/* Begin PBXProject section */
		6AF960CF1CC9C47E00A1B609 /* Project object */ = {
			isa = PBXProject;
			attributes = {
				LastSwiftUpdateCheck = 0720;
				LastUpgradeCheck = 0720;
				ORGANIZATIONNAME = "Faris Roslan";
				TargetAttributes = {
					6AF960D61CC9C47E00A1B609 = {
						CreatedOnToolsVersion = 7.2.1;
						DevelopmentTeam = Y8KX7SH47S;
					};
				};
			};
			buildConfigurationList = 6AF960D21CC9C47E00A1B609 /* Build configuration list for PBXProject "InstagramClone" */;
			compatibilityVersion = "Xcode 3.2";
			developmentRegion = English;
			hasScannedForEncodings = 0;
			knownRegions = (
				en,
				Base,
			);
			mainGroup = 6AF960CE1CC9C47E00A1B609;
			productRefGroup = 6AF960D81CC9C47E00A1B609 /* Products */;
			projectDirPath = "";
			projectRoot = "";
			targets = (
				6AF960D61CC9C47E00A1B609 /* InstagramClone */,
			);
		};
/* End PBXProject section */

/* Begin PBXResourcesBuildPhase section */
		6AF960D51CC9C47E00A1B609 /* Resources */ = {
			isa = PBXResourcesBuildPhase;
			buildActionMask = 2147483647;
			files = (
				6AF960E81CC9C47E00A1B609 /* LaunchScreen.storyboard in Resources */,
				6AF960E51CC9C47E00A1B609 /* Assets.xcassets in Resources */,
				6AF960E01CC9C47E00A1B609 /* Main.storyboard in Resources */,
			);
			runOnlyForDeploymentPostprocessing = 0;
		};
/* End PBXResourcesBuildPhase section */

/* Begin PBXShellScriptBuildPhase section */
		28084B7B958B2BF992EC380A /* Check Pods Manifest.lock */ = {
			isa = PBXShellScriptBuildPhase;
			buildActionMask = 2147483647;
			files = (
			);
			inputPaths = (
			);
			name = "Check Pods Manifest.lock";
			outputPaths = (
			);
			runOnlyForDeploymentPostprocessing = 0;
			shellPath = /bin/sh;
			shellScript = "diff \"${PODS_ROOT}/../Podfile.lock\" \"${PODS_ROOT}/Manifest.lock\" > /dev/null\nif [[ $? != 0 ]] ; then\n    cat << EOM\nerror: The sandbox is not in sync with the Podfile.lock. Run 'pod install' or update your CocoaPods installation.\nEOM\n    exit 1\nfi\n";
			showEnvVarsInLog = 0;
		};
		5E6304CB04E5E4C776F9B7CA /* Embed Pods Frameworks */ = {
			isa = PBXShellScriptBuildPhase;
			buildActionMask = 2147483647;
			files = (
			);
			inputPaths = (
			);
			name = "Embed Pods Frameworks";
			outputPaths = (
			);
			runOnlyForDeploymentPostprocessing = 0;
			shellPath = /bin/sh;
			shellScript = "\"${SRCROOT}/Pods/Target Support Files/Pods-InstagramClone/Pods-InstagramClone-frameworks.sh\"\n";
			showEnvVarsInLog = 0;
		};
		976BD1AB1CDF9DE43819C288 /* Copy Pods Resources */ = {
			isa = PBXShellScriptBuildPhase;
			buildActionMask = 2147483647;
			files = (
			);
			inputPaths = (
			);
			name = "Copy Pods Resources";
			outputPaths = (
			);
			runOnlyForDeploymentPostprocessing = 0;
			shellPath = /bin/sh;
			shellScript = "\"${SRCROOT}/Pods/Target Support Files/Pods-InstagramClone/Pods-InstagramClone-resources.sh\"\n";
			showEnvVarsInLog = 0;
		};
/* End PBXShellScriptBuildPhase section */

/* Begin PBXSourcesBuildPhase section */
		6AF960D31CC9C47E00A1B609 /* Sources */ = {
			isa = PBXSourcesBuildPhase;
			buildActionMask = 2147483647;
			files = (
				18E1501D1CCA182F0033352D /* GalleryViewController.swift in Sources */,
				6AF960E31CC9C47E00A1B609 /* InstagramClone.xcdatamodeld in Sources */,
				18E1501B1CCA18140033352D /* CameraViewController.swift in Sources */,
				6AA13E231CCDC5160047AED1 /* InstagramPhotoCell.swift in Sources */,
				18E1500E1CC9EA300033352D /* Constant.swift in Sources */,
				6AA13E291CCE27FC0047AED1 /* AWSConfig.swift in Sources */,
				6AA13E251CCE15C80047AED1 /* SubmitViewController.swift in Sources */,
				18EC4A161CCF09B400FF9AAE /* OtherUserProfileViewController.swift in Sources */,
				6AF960DB1CC9C47E00A1B609 /* AppDelegate.swift in Sources */,
				18FECF0A1CD07C94002E0BC4 /* user.swift in Sources */,
				6AA13E2B1CD0A40A0047AED1 /* PhotoViewController.swift in Sources */,
				18E150131CC9EB280033352D /* RegisterViewController.swift in Sources */,
				6AA13E2D1CD0BC040047AED1 /* Photo.swift in Sources */,
				18E150151CC9F2D70033352D /* HomeTableViewController.swift in Sources */,
				18E150111CC9EB140033352D /* LoginViewController.swift in Sources */,
				18E150191CC9F3060033352D /* ProfileViewController.swift in Sources */,
				6AF960F11CC9C83400A1B609 /* DataService.swift in Sources */,
				6AA13E2F1CD1A3C10047AED1 /* Comment.swift in Sources */,
				18E150171CC9F2E60033352D /* SearchTableViewController.swift in Sources */,
			);
			runOnlyForDeploymentPostprocessing = 0;
		};
/* End PBXSourcesBuildPhase section */

/* Begin PBXVariantGroup section */
		6AF960DE1CC9C47E00A1B609 /* Main.storyboard */ = {
			isa = PBXVariantGroup;
			children = (
				6AF960DF1CC9C47E00A1B609 /* Base */,
			);
			name = Main.storyboard;
			path = InstagramClone;
			sourceTree = "<group>";
		};
		6AF960E61CC9C47E00A1B609 /* LaunchScreen.storyboard */ = {
			isa = PBXVariantGroup;
			children = (
				6AF960E71CC9C47E00A1B609 /* Base */,
			);
			name = LaunchScreen.storyboard;
			sourceTree = "<group>";
		};
/* End PBXVariantGroup section */

/* Begin XCBuildConfiguration section */
		6AF960EA1CC9C47E00A1B609 /* Debug */ = {
			isa = XCBuildConfiguration;
			buildSettings = {
				ALWAYS_SEARCH_USER_PATHS = NO;
				CLANG_CXX_LANGUAGE_STANDARD = "gnu++0x";
				CLANG_CXX_LIBRARY = "libc++";
				CLANG_ENABLE_MODULES = YES;
				CLANG_ENABLE_OBJC_ARC = YES;
				CLANG_WARN_BOOL_CONVERSION = YES;
				CLANG_WARN_CONSTANT_CONVERSION = YES;
				CLANG_WARN_DIRECT_OBJC_ISA_USAGE = YES_ERROR;
				CLANG_WARN_EMPTY_BODY = YES;
				CLANG_WARN_ENUM_CONVERSION = YES;
				CLANG_WARN_INT_CONVERSION = YES;
				CLANG_WARN_OBJC_ROOT_CLASS = YES_ERROR;
				CLANG_WARN_UNREACHABLE_CODE = YES;
				CLANG_WARN__DUPLICATE_METHOD_MATCH = YES;
				"CODE_SIGN_IDENTITY[sdk=iphoneos*]" = "iPhone Developer";
				COPY_PHASE_STRIP = NO;
				DEBUG_INFORMATION_FORMAT = dwarf;
				ENABLE_STRICT_OBJC_MSGSEND = YES;
				ENABLE_TESTABILITY = YES;
				GCC_C_LANGUAGE_STANDARD = gnu99;
				GCC_DYNAMIC_NO_PIC = NO;
				GCC_NO_COMMON_BLOCKS = YES;
				GCC_OPTIMIZATION_LEVEL = 0;
				GCC_PREPROCESSOR_DEFINITIONS = (
					"DEBUG=1",
					"$(inherited)",
				);
				GCC_WARN_64_TO_32_BIT_CONVERSION = YES;
				GCC_WARN_ABOUT_RETURN_TYPE = YES_ERROR;
				GCC_WARN_UNDECLARED_SELECTOR = YES;
				GCC_WARN_UNINITIALIZED_AUTOS = YES_AGGRESSIVE;
				GCC_WARN_UNUSED_FUNCTION = YES;
				GCC_WARN_UNUSED_VARIABLE = YES;
				IPHONEOS_DEPLOYMENT_TARGET = 9.2;
				MTL_ENABLE_DEBUG_INFO = YES;
				ONLY_ACTIVE_ARCH = YES;
				SDKROOT = iphoneos;
				SWIFT_OPTIMIZATION_LEVEL = "-Onone";
				TARGETED_DEVICE_FAMILY = "1,2";
			};
			name = Debug;
		};
		6AF960EB1CC9C47E00A1B609 /* Release */ = {
			isa = XCBuildConfiguration;
			buildSettings = {
				ALWAYS_SEARCH_USER_PATHS = NO;
				CLANG_CXX_LANGUAGE_STANDARD = "gnu++0x";
				CLANG_CXX_LIBRARY = "libc++";
				CLANG_ENABLE_MODULES = YES;
				CLANG_ENABLE_OBJC_ARC = YES;
				CLANG_WARN_BOOL_CONVERSION = YES;
				CLANG_WARN_CONSTANT_CONVERSION = YES;
				CLANG_WARN_DIRECT_OBJC_ISA_USAGE = YES_ERROR;
				CLANG_WARN_EMPTY_BODY = YES;
				CLANG_WARN_ENUM_CONVERSION = YES;
				CLANG_WARN_INT_CONVERSION = YES;
				CLANG_WARN_OBJC_ROOT_CLASS = YES_ERROR;
				CLANG_WARN_UNREACHABLE_CODE = YES;
				CLANG_WARN__DUPLICATE_METHOD_MATCH = YES;
				"CODE_SIGN_IDENTITY[sdk=iphoneos*]" = "iPhone Developer";
				COPY_PHASE_STRIP = NO;
				DEBUG_INFORMATION_FORMAT = "dwarf-with-dsym";
				ENABLE_NS_ASSERTIONS = NO;
				ENABLE_STRICT_OBJC_MSGSEND = YES;
				GCC_C_LANGUAGE_STANDARD = gnu99;
				GCC_NO_COMMON_BLOCKS = YES;
				GCC_WARN_64_TO_32_BIT_CONVERSION = YES;
				GCC_WARN_ABOUT_RETURN_TYPE = YES_ERROR;
				GCC_WARN_UNDECLARED_SELECTOR = YES;
				GCC_WARN_UNINITIALIZED_AUTOS = YES_AGGRESSIVE;
				GCC_WARN_UNUSED_FUNCTION = YES;
				GCC_WARN_UNUSED_VARIABLE = YES;
				IPHONEOS_DEPLOYMENT_TARGET = 9.2;
				MTL_ENABLE_DEBUG_INFO = NO;
				SDKROOT = iphoneos;
				TARGETED_DEVICE_FAMILY = "1,2";
				VALIDATE_PRODUCT = YES;
			};
			name = Release;
		};
		6AF960ED1CC9C47E00A1B609 /* Debug */ = {
			isa = XCBuildConfiguration;
			baseConfigurationReference = C75FC30D55F3E4F8C9222BFA /* Pods-InstagramClone.debug.xcconfig */;
			buildSettings = {
				ASSETCATALOG_COMPILER_APPICON_NAME = AppIcon;
				CODE_SIGN_IDENTITY = "iPhone Developer";
				"CODE_SIGN_IDENTITY[sdk=iphoneos*]" = "iPhone Developer";
				INFOPLIST_FILE = InstagramClone/Info.plist;
				LD_RUNPATH_SEARCH_PATHS = "$(inherited) @executable_path/Frameworks";
				PRODUCT_BUNDLE_IDENTIFIER = com.nextacademy.InstagramClone;
				PRODUCT_NAME = "$(TARGET_NAME)";
				PROVISIONING_PROFILE = "";
			};
			name = Debug;
		};
		6AF960EE1CC9C47E00A1B609 /* Release */ = {
			isa = XCBuildConfiguration;
			baseConfigurationReference = 641473DBC3605E393CEB428F /* Pods-InstagramClone.release.xcconfig */;
			buildSettings = {
				ASSETCATALOG_COMPILER_APPICON_NAME = AppIcon;
				CODE_SIGN_IDENTITY = "iPhone Developer";
				"CODE_SIGN_IDENTITY[sdk=iphoneos*]" = "iPhone Developer";
				INFOPLIST_FILE = InstagramClone/Info.plist;
				LD_RUNPATH_SEARCH_PATHS = "$(inherited) @executable_path/Frameworks";
				PRODUCT_BUNDLE_IDENTIFIER = com.nextacademy.InstagramClone;
				PRODUCT_NAME = "$(TARGET_NAME)";
				PROVISIONING_PROFILE = "";
			};
			name = Release;
		};
/* End XCBuildConfiguration section */

/* Begin XCConfigurationList section */
		6AF960D21CC9C47E00A1B609 /* Build configuration list for PBXProject "InstagramClone" */ = {
			isa = XCConfigurationList;
			buildConfigurations = (
				6AF960EA1CC9C47E00A1B609 /* Debug */,
				6AF960EB1CC9C47E00A1B609 /* Release */,
			);
			defaultConfigurationIsVisible = 0;
			defaultConfigurationName = Release;
		};
		6AF960EC1CC9C47E00A1B609 /* Build configuration list for PBXNativeTarget "InstagramClone" */ = {
			isa = XCConfigurationList;
			buildConfigurations = (
				6AF960ED1CC9C47E00A1B609 /* Debug */,
				6AF960EE1CC9C47E00A1B609 /* Release */,
			);
			defaultConfigurationIsVisible = 0;
			defaultConfigurationName = Release;
		};
/* End XCConfigurationList section */

/* Begin XCVersionGroup section */
		6AF960E11CC9C47E00A1B609 /* InstagramClone.xcdatamodeld */ = {
			isa = XCVersionGroup;
			children = (
				6AF960E21CC9C47E00A1B609 /* InstagramClone.xcdatamodel */,
			);
			currentVersion = 6AF960E21CC9C47E00A1B609 /* InstagramClone.xcdatamodel */;
			path = InstagramClone.xcdatamodeld;
			sourceTree = "<group>";
			versionGroupType = wrapper.xcdatamodel;
		};
/* End XCVersionGroup section */
	};
	rootObject = 6AF960CF1CC9C47E00A1B609 /* Project object */;
}
